
Microsoft Visual Studio Solution File, Format Version 12.00
# Visual Studio Version 17
VisualStudioVersion = 17.3.32922.545
MinimumVisualStudioVersion = 10.0.40219.1
Project("{9A19103F-16F7-4668-BE54-9A1E7A4F7556}") = "PuzzleSolver", "PuzzleSolver\PuzzleSolver.csproj", "{2E0EE5FA-45B8-4D69-8249-290C710BDEB3}"
EndProject
Project("{FAE04EC0-301F-11D3-BF4B-00C04F79EFBC}") = "Test", "Test\Test.csproj", "{6B28B6FF-EBB9-49F5-8601-753D2A83A178}"
EndProject
Global
	GlobalSection(SolutionConfigurationPlatforms) = preSolution
		Debug|Any CPU = Debug|Any CPU
		Release|Any CPU = Release|Any CPU
	EndGlobalSection
	GlobalSection(ProjectConfigurationPlatforms) = postSolution
		{2E0EE5FA-45B8-4D69-8249-290C710BDEB3}.Debug|Any CPU.ActiveCfg = Debug|Any CPU
		{2E0EE5FA-45B8-4D69-8249-290C710BDEB3}.Debug|Any CPU.Build.0 = Debug|Any CPU
		{2E0EE5FA-45B8-4D69-8249-290C710BDEB3}.Release|Any CPU.ActiveCfg = Release|Any CPU
		{2E0EE5FA-45B8-4D69-8249-290C710BDEB3}.Release|Any CPU.Build.0 = Release|Any CPU
		{6B28B6FF-EBB9-49F5-8601-753D2A83A178}.Debug|Any CPU.ActiveCfg = Debug|Any CPU
		{6B28B6FF-EBB9-49F5-8601-753D2A83A178}.Debug|Any CPU.Build.0 = Debug|Any CPU
		{6B28B6FF-EBB9-49F5-8601-753D2A83A178}.Release|Any CPU.ActiveCfg = Release|Any CPU
		{6B28B6FF-EBB9-49F5-8601-753D2A83A178}.Release|Any CPU.Build.0 = Release|Any CPU
	EndGlobalSection
	GlobalSection(SolutionProperties) = preSolution
		HideSolutionNode = FALSE
	EndGlobalSection
	GlobalSection(ExtensibilityGlobals) = postSolution
		SolutionGuid = {A343F37E-9400-4490-83D7-58ED78AC0E8C}
	EndGlobalSection
EndGlobal
